// !$*UTF8*$!
{
	archiveVersion = 1;
	classes = {
	};
	objectVersion = 46;
	objects = {

/* Begin PBXBuildFile section */
		072892921B4DB7530060960A /* AppDelegate.swift in Sources */ = {isa = PBXBuildFile; fileRef = 072892911B4DB7530060960A /* AppDelegate.swift */; };
		072892971B4DB7530060960A /* Main.storyboard in Resources */ = {isa = PBXBuildFile; fileRef = 072892951B4DB7530060960A /* Main.storyboard */; };
		072892991B4DB7530060960A /* Images.xcassets in Resources */ = {isa = PBXBuildFile; fileRef = 072892981B4DB7530060960A /* Images.xcassets */; };
		0728929C1B4DB7530060960A /* LaunchScreen.xib in Resources */ = {isa = PBXBuildFile; fileRef = 0728929A1B4DB7530060960A /* LaunchScreen.xib */; };
		072892A81B4DB7530060960A /* GasShareTests.swift in Sources */ = {isa = PBXBuildFile; fileRef = 072892A71B4DB7530060960A /* GasShareTests.swift */; };
		074A1F6F1B4DB88D00F01CB2 /* InputTextField.swift in Sources */ = {isa = PBXBuildFile; fileRef = 074A1F691B4DB88D00F01CB2 /* InputTextField.swift */; };
		077F1E771B5D4F1A0037A483 /* MapHelper.swift in Sources */ = {isa = PBXBuildFile; fileRef = 077F1E761B5D4F1A0037A483 /* MapHelper.swift */; };
		0791F3F41B56DC44006FEED8 /* AlamofireHelper.swift in Sources */ = {isa = PBXBuildFile; fileRef = 0791F3F31B56DC44006FEED8 /* AlamofireHelper.swift */; };
		079DB15B1B58501200D21C77 /* HTMLNode.swift in Sources */ = {isa = PBXBuildFile; fileRef = 079DB1591B58501200D21C77 /* HTMLNode.swift */; };
		079DB15C1B58501200D21C77 /* HTMLParser.swift in Sources */ = {isa = PBXBuildFile; fileRef = 079DB15A1B58501200D21C77 /* HTMLParser.swift */; };
		079DB15F1B58519A00D21C77 /* libxml2.dylib in Frameworks */ = {isa = PBXBuildFile; fileRef = 079DB15E1B58519A00D21C77 /* libxml2.dylib */; };
		07A8E1BD1B61325F00D81518 /* MainViewController.swift in Sources */ = {isa = PBXBuildFile; fileRef = 07A8E1BC1B61325F00D81518 /* MainViewController.swift */; };
		07AB75261B62B00D00AF3A5D /* CustomToolbar.swift in Sources */ = {isa = PBXBuildFile; fileRef = 07AB75251B62B00D00AF3A5D /* CustomToolbar.swift */; };
		07AB75281B62B05600AF3A5D /* MainToolbar.swift in Sources */ = {isa = PBXBuildFile; fileRef = 07AB75271B62B05600AF3A5D /* MainToolbar.swift */; };
		07AB752A1B62B07300AF3A5D /* GasMileageToolbar.swift in Sources */ = {isa = PBXBuildFile; fileRef = 07AB75291B62B07300AF3A5D /* GasMileageToolbar.swift */; };
		07AB752C1B62B08400AF3A5D /* GasPriceToolbar.swift in Sources */ = {isa = PBXBuildFile; fileRef = 07AB752B1B62B08400AF3A5D /* GasPriceToolbar.swift */; };
		07AB75321B62B3FD00AF3A5D /* GasMileagesViewController.swift in Sources */ = {isa = PBXBuildFile; fileRef = 07AB75311B62B3FD00AF3A5D /* GasMileagesViewController.swift */; };
		07E52A9F1B505595006FFB7A /* CalculationViewController.swift in Sources */ = {isa = PBXBuildFile; fileRef = 07E52A9E1B505595006FFB7A /* CalculationViewController.swift */; };
		07FDCA381B62B5320029682B /* GasMileageCell.swift in Sources */ = {isa = PBXBuildFile; fileRef = 07FDCA371B62B5320029682B /* GasMileageCell.swift */; };
		07FDCA3E1B62D5200029682B /* GasStationMapViewController.swift in Sources */ = {isa = PBXBuildFile; fileRef = 07FDCA3D1B62D5200029682B /* GasStationMapViewController.swift */; };
		839D6984ECB623561649FDAB /* Pods.framework in Frameworks */ = {isa = PBXBuildFile; fileRef = 03E31020FC501B7AB4336490 /* Pods.framework */; settings = {ATTRIBUTES = (Weak, ); }; };
/* End PBXBuildFile section */

/* Begin PBXContainerItemProxy section */
		072892A21B4DB7530060960A /* PBXContainerItemProxy */ = {
			isa = PBXContainerItemProxy;
			containerPortal = 072892841B4DB7530060960A /* Project object */;
			proxyType = 1;
			remoteGlobalIDString = 0728928B1B4DB7530060960A;
			remoteInfo = GasShare;
		};
/* End PBXContainerItemProxy section */

/* Begin PBXFileReference section */
		03E31020FC501B7AB4336490 /* Pods.framework */ = {isa = PBXFileReference; explicitFileType = wrapper.framework; includeInIndex = 0; path = Pods.framework; sourceTree = BUILT_PRODUCTS_DIR; };
		0728928C1B4DB7530060960A /* GasShare.app */ = {isa = PBXFileReference; explicitFileType = wrapper.application; includeInIndex = 0; path = GasShare.app; sourceTree = BUILT_PRODUCTS_DIR; };
		072892901B4DB7530060960A /* Info.plist */ = {isa = PBXFileReference; lastKnownFileType = text.plist.xml; path = Info.plist; sourceTree = "<group>"; };
		072892911B4DB7530060960A /* AppDelegate.swift */ = {isa = PBXFileReference; lastKnownFileType = sourcecode.swift; path = AppDelegate.swift; sourceTree = "<group>"; };
		072892961B4DB7530060960A /* Base */ = {isa = PBXFileReference; lastKnownFileType = file.storyboard; name = Base; path = Base.lproj/Main.storyboard; sourceTree = "<group>"; };
		072892981B4DB7530060960A /* Images.xcassets */ = {isa = PBXFileReference; lastKnownFileType = folder.assetcatalog; path = Images.xcassets; sourceTree = "<group>"; };
		0728929B1B4DB7530060960A /* Base */ = {isa = PBXFileReference; lastKnownFileType = file.xib; name = Base; path = Base.lproj/LaunchScreen.xib; sourceTree = "<group>"; };
		072892A11B4DB7530060960A /* GasShareTests.xctest */ = {isa = PBXFileReference; explicitFileType = wrapper.cfbundle; includeInIndex = 0; path = GasShareTests.xctest; sourceTree = BUILT_PRODUCTS_DIR; };
		072892A61B4DB7530060960A /* Info.plist */ = {isa = PBXFileReference; lastKnownFileType = text.plist.xml; path = Info.plist; sourceTree = "<group>"; };
		072892A71B4DB7530060960A /* GasShareTests.swift */ = {isa = PBXFileReference; lastKnownFileType = sourcecode.swift; path = GasShareTests.swift; sourceTree = "<group>"; };
		074A1F691B4DB88D00F01CB2 /* InputTextField.swift */ = {isa = PBXFileReference; fileEncoding = 4; lastKnownFileType = sourcecode.swift; path = InputTextField.swift; sourceTree = "<group>"; };
		077F1E761B5D4F1A0037A483 /* MapHelper.swift */ = {isa = PBXFileReference; fileEncoding = 4; lastKnownFileType = sourcecode.swift; path = MapHelper.swift; sourceTree = "<group>"; };
		0791F3F31B56DC44006FEED8 /* AlamofireHelper.swift */ = {isa = PBXFileReference; fileEncoding = 4; lastKnownFileType = sourcecode.swift; path = AlamofireHelper.swift; sourceTree = "<group>"; };
		079DB1591B58501200D21C77 /* HTMLNode.swift */ = {isa = PBXFileReference; fileEncoding = 4; lastKnownFileType = sourcecode.swift; path = HTMLNode.swift; sourceTree = "<group>"; };
		079DB15A1B58501200D21C77 /* HTMLParser.swift */ = {isa = PBXFileReference; fileEncoding = 4; lastKnownFileType = sourcecode.swift; path = HTMLParser.swift; sourceTree = "<group>"; };
		079DB15D1B58502000D21C77 /* Swift-HTML-Parser-Bridging-Header.h */ = {isa = PBXFileReference; fileEncoding = 4; lastKnownFileType = sourcecode.c.h; path = "Swift-HTML-Parser-Bridging-Header.h"; sourceTree = "<group>"; };
		079DB15E1B58519A00D21C77 /* libxml2.dylib */ = {isa = PBXFileReference; lastKnownFileType = "compiled.mach-o.dylib"; name = libxml2.dylib; path = usr/lib/libxml2.dylib; sourceTree = SDKROOT; };
		07A8E1BC1B61325F00D81518 /* MainViewController.swift */ = {isa = PBXFileReference; fileEncoding = 4; lastKnownFileType = sourcecode.swift; path = MainViewController.swift; sourceTree = "<group>"; };
		07AB75251B62B00D00AF3A5D /* CustomToolbar.swift */ = {isa = PBXFileReference; fileEncoding = 4; lastKnownFileType = sourcecode.swift; path = CustomToolbar.swift; sourceTree = "<group>"; };
		07AB75271B62B05600AF3A5D /* MainToolbar.swift */ = {isa = PBXFileReference; fileEncoding = 4; lastKnownFileType = sourcecode.swift; path = MainToolbar.swift; sourceTree = "<group>"; };
		07AB75291B62B07300AF3A5D /* GasMileageToolbar.swift */ = {isa = PBXFileReference; fileEncoding = 4; lastKnownFileType = sourcecode.swift; path = GasMileageToolbar.swift; sourceTree = "<group>"; };
		07AB752B1B62B08400AF3A5D /* GasPriceToolbar.swift */ = {isa = PBXFileReference; fileEncoding = 4; lastKnownFileType = sourcecode.swift; path = GasPriceToolbar.swift; sourceTree = "<group>"; };
		07AB75311B62B3FD00AF3A5D /* GasMileagesViewController.swift */ = {isa = PBXFileReference; fileEncoding = 4; lastKnownFileType = sourcecode.swift; path = GasMileagesViewController.swift; sourceTree = "<group>"; };
		07E52A9E1B505595006FFB7A /* CalculationViewController.swift */ = {isa = PBXFileReference; fileEncoding = 4; lastKnownFileType = sourcecode.swift; path = CalculationViewController.swift; sourceTree = "<group>"; };
		07FDCA371B62B5320029682B /* GasMileageCell.swift */ = {isa = PBXFileReference; fileEncoding = 4; lastKnownFileType = sourcecode.swift; path = GasMileageCell.swift; sourceTree = "<group>"; };
		07FDCA3D1B62D5200029682B /* GasStationMapViewController.swift */ = {isa = PBXFileReference; fileEncoding = 4; lastKnownFileType = sourcecode.swift; path = GasStationMapViewController.swift; sourceTree = "<group>"; };
		7D7B2130FDE731CD7F287A96 /* Pods.release.xcconfig */ = {isa = PBXFileReference; includeInIndex = 1; lastKnownFileType = text.xcconfig; name = Pods.release.xcconfig; path = "Pods/Target Support Files/Pods/Pods.release.xcconfig"; sourceTree = "<group>"; };
		E071A125770EC0D0267D96EE /* Pods.debug.xcconfig */ = {isa = PBXFileReference; includeInIndex = 1; lastKnownFileType = text.xcconfig; name = Pods.debug.xcconfig; path = "Pods/Target Support Files/Pods/Pods.debug.xcconfig"; sourceTree = "<group>"; };
/* End PBXFileReference section */

/* Begin PBXFrameworksBuildPhase section */
		072892891B4DB7530060960A /* Frameworks */ = {
			isa = PBXFrameworksBuildPhase;
			buildActionMask = 2147483647;
			files = (
				079DB15F1B58519A00D21C77 /* libxml2.dylib in Frameworks */,
				839D6984ECB623561649FDAB /* Pods.framework in Frameworks */,
			);
			runOnlyForDeploymentPostprocessing = 0;
		};
		0728929E1B4DB7530060960A /* Frameworks */ = {
			isa = PBXFrameworksBuildPhase;
			buildActionMask = 2147483647;
			files = (
			);
			runOnlyForDeploymentPostprocessing = 0;
		};
/* End PBXFrameworksBuildPhase section */

/* Begin PBXGroup section */
		072892831B4DB7530060960A = {
			isa = PBXGroup;
			children = (
				079DB15D1B58502000D21C77 /* Swift-HTML-Parser-Bridging-Header.h */,
				0728928E1B4DB7530060960A /* GasShare */,
				072892A41B4DB7530060960A /* GasShareTests */,
				0728928D1B4DB7530060960A /* Products */,
				B1990ED3CE4DD1473E383DD8 /* Pods */,
				F03950030880E3F5C000744F /* Frameworks */,
			);
			sourceTree = "<group>";
		};
		0728928D1B4DB7530060960A /* Products */ = {
			isa = PBXGroup;
			children = (
				0728928C1B4DB7530060960A /* GasShare.app */,
				072892A11B4DB7530060960A /* GasShareTests.xctest */,
			);
			name = Products;
			sourceTree = "<group>";
		};
		0728928E1B4DB7530060960A /* GasShare */ = {
			isa = PBXGroup;
			children = (
				079DB1581B58501200D21C77 /* HTMLParser */,
				0791F3EE1B56DA26006FEED8 /* Helpers */,
				074A1F681B4DB88D00F01CB2 /* Views */,
				07E52A9E1B505595006FFB7A /* CalculationViewController.swift */,
				07AB75311B62B3FD00AF3A5D /* GasMileagesViewController.swift */,
				07FDCA3D1B62D5200029682B /* GasStationMapViewController.swift */,
				07A8E1BC1B61325F00D81518 /* MainViewController.swift */,
				072892911B4DB7530060960A /* AppDelegate.swift */,
				072892951B4DB7530060960A /* Main.storyboard */,
				072892981B4DB7530060960A /* Images.xcassets */,
				0728929A1B4DB7530060960A /* LaunchScreen.xib */,
				0728928F1B4DB7530060960A /* Supporting Files */,
			);
			path = GasShare;
			sourceTree = "<group>";
		};
		0728928F1B4DB7530060960A /* Supporting Files */ = {
			isa = PBXGroup;
			children = (
				072892901B4DB7530060960A /* Info.plist */,
			);
			name = "Supporting Files";
			sourceTree = "<group>";
		};
		072892A41B4DB7530060960A /* GasShareTests */ = {
			isa = PBXGroup;
			children = (
				072892A71B4DB7530060960A /* GasShareTests.swift */,
				072892A51B4DB7530060960A /* Supporting Files */,
			);
			path = GasShareTests;
			sourceTree = "<group>";
		};
		072892A51B4DB7530060960A /* Supporting Files */ = {
			isa = PBXGroup;
			children = (
				072892A61B4DB7530060960A /* Info.plist */,
			);
			name = "Supporting Files";
			sourceTree = "<group>";
		};
		074A1F681B4DB88D00F01CB2 /* Views */ = {
			isa = PBXGroup;
			children = (
				07AB75251B62B00D00AF3A5D /* CustomToolbar.swift */,
				07AB75271B62B05600AF3A5D /* MainToolbar.swift */,
				07FDCA371B62B5320029682B /* GasMileageCell.swift */,
				07AB75291B62B07300AF3A5D /* GasMileageToolbar.swift */,
				07AB752B1B62B08400AF3A5D /* GasPriceToolbar.swift */,
				074A1F691B4DB88D00F01CB2 /* InputTextField.swift */,
			);
			path = Views;
			sourceTree = "<group>";
		};
		0791F3EE1B56DA26006FEED8 /* Helpers */ = {
			isa = PBXGroup;
			children = (
				0791F3F31B56DC44006FEED8 /* AlamofireHelper.swift */,
				077F1E761B5D4F1A0037A483 /* MapHelper.swift */,
			);
			path = Helpers;
			sourceTree = "<group>";
		};
		079DB1581B58501200D21C77 /* HTMLParser */ = {
			isa = PBXGroup;
			children = (
				079DB1591B58501200D21C77 /* HTMLNode.swift */,
				079DB15A1B58501200D21C77 /* HTMLParser.swift */,
			);
			path = HTMLParser;
			sourceTree = "<group>";
		};
		B1990ED3CE4DD1473E383DD8 /* Pods */ = {
			isa = PBXGroup;
			children = (
				E071A125770EC0D0267D96EE /* Pods.debug.xcconfig */,
				7D7B2130FDE731CD7F287A96 /* Pods.release.xcconfig */,
			);
			name = Pods;
			sourceTree = "<group>";
		};
		F03950030880E3F5C000744F /* Frameworks */ = {
			isa = PBXGroup;
			children = (
				079DB15E1B58519A00D21C77 /* libxml2.dylib */,
				03E31020FC501B7AB4336490 /* Pods.framework */,
			);
			name = Frameworks;
			sourceTree = "<group>";
		};
/* End PBXGroup section */

/* Begin PBXNativeTarget section */
		0728928B1B4DB7530060960A /* GasShare */ = {
			isa = PBXNativeTarget;
			buildConfigurationList = 072892AB1B4DB7530060960A /* Build configuration list for PBXNativeTarget "GasShare" */;
			buildPhases = (
				E7F0AD7F5F9A7D1DCFF28EE5 /* Check Pods Manifest.lock */,
				072892881B4DB7530060960A /* Sources */,
				072892891B4DB7530060960A /* Frameworks */,
				0728928A1B4DB7530060960A /* Resources */,
				C5B503C93D469C406007066A /* Embed Pods Frameworks */,
				77AD42EE76E806C79BD7363E /* Copy Pods Resources */,
			);
			buildRules = (
			);
			dependencies = (
			);
			name = GasShare;
			productName = GasShare;
			productReference = 0728928C1B4DB7530060960A /* GasShare.app */;
			productType = "com.apple.product-type.application";
		};
		072892A01B4DB7530060960A /* GasShareTests */ = {
			isa = PBXNativeTarget;
			buildConfigurationList = 072892AE1B4DB7530060960A /* Build configuration list for PBXNativeTarget "GasShareTests" */;
			buildPhases = (
				0728929D1B4DB7530060960A /* Sources */,
				0728929E1B4DB7530060960A /* Frameworks */,
				0728929F1B4DB7530060960A /* Resources */,
			);
			buildRules = (
			);
			dependencies = (
				072892A31B4DB7530060960A /* PBXTargetDependency */,
			);
			name = GasShareTests;
			productName = GasShareTests;
			productReference = 072892A11B4DB7530060960A /* GasShareTests.xctest */;
			productType = "com.apple.product-type.bundle.unit-test";
		};
/* End PBXNativeTarget section */

/* Begin PBXProject section */
		072892841B4DB7530060960A /* Project object */ = {
			isa = PBXProject;
			attributes = {
				LastUpgradeCheck = 0640;
				ORGANIZATIONNAME = "Eric Kim";
				TargetAttributes = {
					0728928B1B4DB7530060960A = {
						CreatedOnToolsVersion = 6.4;
					};
					072892A01B4DB7530060960A = {
						CreatedOnToolsVersion = 6.4;
						TestTargetID = 0728928B1B4DB7530060960A;
					};
				};
			};
			buildConfigurationList = 072892871B4DB7530060960A /* Build configuration list for PBXProject "GasShare" */;
			compatibilityVersion = "Xcode 3.2";
			developmentRegion = English;
			hasScannedForEncodings = 0;
			knownRegions = (
				en,
				Base,
				ar,
				ca,
				cs,
				da,
				de,
				el,
				en_GB,
				es,
				fi,
				fr,
				he,
				hr,
				hu,
				id,
				it,
				ja,
				ko,
				ms,
				nb,
				nl,
				pl,
				pt,
				pt_PT,
				ro,
				ru,
				sk,
				sv,
				th,
				tr,
				uk,
				vi,
				zh_CN,
				zh_TW,
			);
			mainGroup = 072892831B4DB7530060960A;
			productRefGroup = 0728928D1B4DB7530060960A /* Products */;
			projectDirPath = "";
			projectRoot = "";
			targets = (
				0728928B1B4DB7530060960A /* GasShare */,
				072892A01B4DB7530060960A /* GasShareTests */,
			);
		};
/* End PBXProject section */

/* Begin PBXResourcesBuildPhase section */
		0728928A1B4DB7530060960A /* Resources */ = {
			isa = PBXResourcesBuildPhase;
			buildActionMask = 2147483647;
			files = (
				072892971B4DB7530060960A /* Main.storyboard in Resources */,
				0728929C1B4DB7530060960A /* LaunchScreen.xib in Resources */,
				072892991B4DB7530060960A /* Images.xcassets in Resources */,
			);
			runOnlyForDeploymentPostprocessing = 0;
		};
		0728929F1B4DB7530060960A /* Resources */ = {
			isa = PBXResourcesBuildPhase;
			buildActionMask = 2147483647;
			files = (
			);
			runOnlyForDeploymentPostprocessing = 0;
		};
/* End PBXResourcesBuildPhase section */

/* Begin PBXShellScriptBuildPhase section */
		77AD42EE76E806C79BD7363E /* Copy Pods Resources */ = {
			isa = PBXShellScriptBuildPhase;
			buildActionMask = 2147483647;
			files = (
			);
			inputPaths = (
			);
			name = "Copy Pods Resources";
			outputPaths = (
			);
			runOnlyForDeploymentPostprocessing = 0;
			shellPath = /bin/sh;
			shellScript = "\"${SRCROOT}/Pods/Target Support Files/Pods/Pods-resources.sh\"\n";
			showEnvVarsInLog = 0;
		};
		C5B503C93D469C406007066A /* Embed Pods Frameworks */ = {
			isa = PBXShellScriptBuildPhase;
			buildActionMask = 2147483647;
			files = (
			);
			inputPaths = (
			);
			name = "Embed Pods Frameworks";
			outputPaths = (
			);
			runOnlyForDeploymentPostprocessing = 0;
			shellPath = /bin/sh;
			shellScript = "\"${SRCROOT}/Pods/Target Support Files/Pods/Pods-frameworks.sh\"\n";
			showEnvVarsInLog = 0;
		};
		E7F0AD7F5F9A7D1DCFF28EE5 /* Check Pods Manifest.lock */ = {
			isa = PBXShellScriptBuildPhase;
			buildActionMask = 2147483647;
			files = (
			);
			inputPaths = (
			);
			name = "Check Pods Manifest.lock";
			outputPaths = (
			);
			runOnlyForDeploymentPostprocessing = 0;
			shellPath = /bin/sh;
			shellScript = "diff \"${PODS_ROOT}/../Podfile.lock\" \"${PODS_ROOT}/Manifest.lock\" > /dev/null\nif [[ $? != 0 ]] ; then\n    cat << EOM\nerror: The sandbox is not in sync with the Podfile.lock. Run 'pod install' or update your CocoaPods installation.\nEOM\n    exit 1\nfi\n";
			showEnvVarsInLog = 0;
		};
/* End PBXShellScriptBuildPhase section */

/* Begin PBXSourcesBuildPhase section */
		072892881B4DB7530060960A /* Sources */ = {
			isa = PBXSourcesBuildPhase;
			buildActionMask = 2147483647;
			files = (
				07FDCA381B62B5320029682B /* GasMileageCell.swift in Sources */,
				0791F3F41B56DC44006FEED8 /* AlamofireHelper.swift in Sources */,
				07A8E1BD1B61325F00D81518 /* MainViewController.swift in Sources */,
				07AB75281B62B05600AF3A5D /* MainToolbar.swift in Sources */,
				07E52A9F1B505595006FFB7A /* CalculationViewController.swift in Sources */,
				07AB752A1B62B07300AF3A5D /* GasMileageToolbar.swift in Sources */,
				07AB752C1B62B08400AF3A5D /* GasPriceToolbar.swift in Sources */,
				07AB75321B62B3FD00AF3A5D /* GasMileagesViewController.swift in Sources */,
				072892921B4DB7530060960A /* AppDelegate.swift in Sources */,
				077F1E771B5D4F1A0037A483 /* MapHelper.swift in Sources */,
				07AB75261B62B00D00AF3A5D /* CustomToolbar.swift in Sources */,
				07FDCA3E1B62D5200029682B /* GasStationMapViewController.swift in Sources */,
				079DB15B1B58501200D21C77 /* HTMLNode.swift in Sources */,
				074A1F6F1B4DB88D00F01CB2 /* InputTextField.swift in Sources */,
				079DB15C1B58501200D21C77 /* HTMLParser.swift in Sources */,
			);
			runOnlyForDeploymentPostprocessing = 0;
		};
		0728929D1B4DB7530060960A /* Sources */ = {
			isa = PBXSourcesBuildPhase;
			buildActionMask = 2147483647;
			files = (
				072892A81B4DB7530060960A /* GasShareTests.swift in Sources */,
			);
			runOnlyForDeploymentPostprocessing = 0;
		};
/* End PBXSourcesBuildPhase section */

/* Begin PBXTargetDependency section */
		072892A31B4DB7530060960A /* PBXTargetDependency */ = {
			isa = PBXTargetDependency;
			target = 0728928B1B4DB7530060960A /* GasShare */;
			targetProxy = 072892A21B4DB7530060960A /* PBXContainerItemProxy */;
		};
/* End PBXTargetDependency section */

/* Begin PBXVariantGroup section */
		072892951B4DB7530060960A /* Main.storyboard */ = {
			isa = PBXVariantGroup;
			children = (
				072892961B4DB7530060960A /* Base */,
			);
			name = Main.storyboard;
			sourceTree = "<group>";
		};
		0728929A1B4DB7530060960A /* LaunchScreen.xib */ = {
			isa = PBXVariantGroup;
			children = (
				0728929B1B4DB7530060960A /* Base */,
			);
			name = LaunchScreen.xib;
			sourceTree = "<group>";
		};
/* End PBXVariantGroup section */

/* Begin XCBuildConfiguration section */
		072892A91B4DB7530060960A /* Debug */ = {
			isa = XCBuildConfiguration;
			buildSettings = {
				ALWAYS_SEARCH_USER_PATHS = NO;
				CLANG_CXX_LANGUAGE_STANDARD = "gnu++0x";
				CLANG_CXX_LIBRARY = "libc++";
				CLANG_ENABLE_MODULES = YES;
				CLANG_ENABLE_OBJC_ARC = YES;
				CLANG_WARN_BOOL_CONVERSION = YES;
				CLANG_WARN_CONSTANT_CONVERSION = YES;
				CLANG_WARN_DIRECT_OBJC_ISA_USAGE = YES_ERROR;
				CLANG_WARN_EMPTY_BODY = YES;
				CLANG_WARN_ENUM_CONVERSION = YES;
				CLANG_WARN_INT_CONVERSION = YES;
				CLANG_WARN_OBJC_ROOT_CLASS = YES_ERROR;
				CLANG_WARN_UNREACHABLE_CODE = YES;
				CLANG_WARN__DUPLICATE_METHOD_MATCH = YES;
				"CODE_SIGN_IDENTITY[sdk=iphoneos*]" = "iPhone Developer";
				COPY_PHASE_STRIP = NO;
				DEBUG_INFORMATION_FORMAT = "dwarf-with-dsym";
				ENABLE_STRICT_OBJC_MSGSEND = YES;
				GCC_C_LANGUAGE_STANDARD = gnu99;
				GCC_DYNAMIC_NO_PIC = NO;
				GCC_NO_COMMON_BLOCKS = YES;
				GCC_OPTIMIZATION_LEVEL = 0;
				GCC_PREPROCESSOR_DEFINITIONS = (
					"DEBUG=1",
					"$(inherited)",
				);
				GCC_SYMBOLS_PRIVATE_EXTERN = NO;
				GCC_WARN_64_TO_32_BIT_CONVERSION = YES;
				GCC_WARN_ABOUT_RETURN_TYPE = YES_ERROR;
				GCC_WARN_UNDECLARED_SELECTOR = YES;
				GCC_WARN_UNINITIALIZED_AUTOS = YES_AGGRESSIVE;
				GCC_WARN_UNUSED_FUNCTION = YES;
				GCC_WARN_UNUSED_VARIABLE = YES;
				HEADER_SEARCH_PATHS = (
					"$(inherited)",
					/Applications/Xcode.app/Contents/Developer/Toolchains/XcodeDefault.xctoolchain/usr/include,
					/usr/include/libxml2,
				);
				IPHONEOS_DEPLOYMENT_TARGET = 8.4;
				MTL_ENABLE_DEBUG_INFO = YES;
				ONLY_ACTIVE_ARCH = YES;
				SDKROOT = iphoneos;
				SWIFT_OBJC_BRIDGING_HEADER = "Swift-HTML-Parser-Bridging-Header.h";
				SWIFT_OPTIMIZATION_LEVEL = "-Onone";
				TARGETED_DEVICE_FAMILY = "1,2";
			};
			name = Debug;
		};
		072892AA1B4DB7530060960A /* Release */ = {
			isa = XCBuildConfiguration;
			buildSettings = {
				ALWAYS_SEARCH_USER_PATHS = NO;
				CLANG_CXX_LANGUAGE_STANDARD = "gnu++0x";
				CLANG_CXX_LIBRARY = "libc++";
				CLANG_ENABLE_MODULES = YES;
				CLANG_ENABLE_OBJC_ARC = YES;
				CLANG_WARN_BOOL_CONVERSION = YES;
				CLANG_WARN_CONSTANT_CONVERSION = YES;
				CLANG_WARN_DIRECT_OBJC_ISA_USAGE = YES_ERROR;
				CLANG_WARN_EMPTY_BODY = YES;
				CLANG_WARN_ENUM_CONVERSION = YES;
				CLANG_WARN_INT_CONVERSION = YES;
				CLANG_WARN_OBJC_ROOT_CLASS = YES_ERROR;
				CLANG_WARN_UNREACHABLE_CODE = YES;
				CLANG_WARN__DUPLICATE_METHOD_MATCH = YES;
				"CODE_SIGN_IDENTITY[sdk=iphoneos*]" = "iPhone Developer";
				COPY_PHASE_STRIP = NO;
				DEBUG_INFORMATION_FORMAT = "dwarf-with-dsym";
				ENABLE_NS_ASSERTIONS = NO;
				ENABLE_STRICT_OBJC_MSGSEND = YES;
				GCC_C_LANGUAGE_STANDARD = gnu99;
				GCC_NO_COMMON_BLOCKS = YES;
				GCC_WARN_64_TO_32_BIT_CONVERSION = YES;
				GCC_WARN_ABOUT_RETURN_TYPE = YES_ERROR;
				GCC_WARN_UNDECLARED_SELECTOR = YES;
				GCC_WARN_UNINITIALIZED_AUTOS = YES_AGGRESSIVE;
				GCC_WARN_UNUSED_FUNCTION = YES;
				GCC_WARN_UNUSED_VARIABLE = YES;
				HEADER_SEARCH_PATHS = (
					"$(inherited)",
					/Applications/Xcode.app/Contents/Developer/Toolchains/XcodeDefault.xctoolchain/usr/include,
					/usr/include/libxml2,
				);
				IPHONEOS_DEPLOYMENT_TARGET = 8.4;
				MTL_ENABLE_DEBUG_INFO = NO;
				SDKROOT = iphoneos;
				SWIFT_OBJC_BRIDGING_HEADER = "Swift-HTML-Parser-Bridging-Header.h";
				TARGETED_DEVICE_FAMILY = "1,2";
				VALIDATE_PRODUCT = YES;
			};
			name = Release;
		};
		072892AC1B4DB7530060960A /* Debug */ = {
			isa = XCBuildConfiguration;
			baseConfigurationReference = E071A125770EC0D0267D96EE /* Pods.debug.xcconfig */;
			buildSettings = {
				ASSETCATALOG_COMPILER_APPICON_NAME = AppIcon;
				FRAMEWORK_SEARCH_PATHS = (
					"$(inherited)",
					"$(PROJECT_DIR)/Pods/GoogleMaps/Frameworks",
					"$(PROJECT_DIR)/Pods/GoogleMaps/GoogleMapsSDKDemos",
				);
				INFOPLIST_FILE = GasShare/Info.plist;
				LD_RUNPATH_SEARCH_PATHS = "$(inherited) @executable_path/Frameworks";
				PRODUCT_NAME = "$(TARGET_NAME)";
			};
			name = Debug;
		};
		072892AD1B4DB7530060960A /* Release */ = {
			isa = XCBuildConfiguration;
			baseConfigurationReference = 7D7B2130FDE731CD7F287A96 /* Pods.release.xcconfig */;
			buildSettings = {
				ASSETCATALOG_COMPILER_APPICON_NAME = AppIcon;
				FRAMEWORK_SEARCH_PATHS = (
					"$(inherited)",
					"$(PROJECT_DIR)/Pods/GoogleMaps/Frameworks",
					"$(PROJECT_DIR)/Pods/GoogleMaps/GoogleMapsSDKDemos",
				);
				INFOPLIST_FILE = GasShare/Info.plist;
				LD_RUNPATH_SEARCH_PATHS = "$(inherited) @executable_path/Frameworks";
				PRODUCT_NAME = "$(TARGET_NAME)";
			};
			name = Release;
		};
		072892AF1B4DB7530060960A /* Debug */ = {
			isa = XCBuildConfiguration;
			buildSettings = {
				BUNDLE_LOADER = "$(TEST_HOST)";
				FRAMEWORK_SEARCH_PATHS = (
					"$(SDKROOT)/Developer/Library/Frameworks",
					"$(inherited)",
				);
				GCC_PREPROCESSOR_DEFINITIONS = (
					"DEBUG=1",
					"$(inherited)",
				);
				INFOPLIST_FILE = GasShareTests/Info.plist;
				LD_RUNPATH_SEARCH_PATHS = "$(inherited) @executable_path/Frameworks @loader_path/Frameworks";
				PRODUCT_NAME = "$(TARGET_NAME)";
				TEST_HOST = "$(BUILT_PRODUCTS_DIR)/GasShare.app/GasShare";
			};
			name = Debug;
		};
		072892B01B4DB7530060960A /* Release */ = {
			isa = XCBuildConfiguration;
			buildSettings = {
				BUNDLE_LOADER = "$(TEST_HOST)";
				FRAMEWORK_SEARCH_PATHS = (
					"$(SDKROOT)/Developer/Library/Frameworks",
					"$(inherited)",
				);
				INFOPLIST_FILE = GasShareTests/Info.plist;
				LD_RUNPATH_SEARCH_PATHS = "$(inherited) @executable_path/Frameworks @loader_path/Frameworks";
				PRODUCT_NAME = "$(TARGET_NAME)";
				TEST_HOST = "$(BUILT_PRODUCTS_DIR)/GasShare.app/GasShare";
			};
			name = Release;
		};
/* End XCBuildConfiguration section */

/* Begin XCConfigurationList section */
		072892871B4DB7530060960A /* Build configuration list for PBXProject "GasShare" */ = {
			isa = XCConfigurationList;
			buildConfigurations = (
				072892A91B4DB7530060960A /* Debug */,
				072892AA1B4DB7530060960A /* Release */,
			);
			defaultConfigurationIsVisible = 0;
			defaultConfigurationName = Release;
		};
		072892AB1B4DB7530060960A /* Build configuration list for PBXNativeTarget "GasShare" */ = {
			isa = XCConfigurationList;
			buildConfigurations = (
				072892AC1B4DB7530060960A /* Debug */,
				072892AD1B4DB7530060960A /* Release */,
			);
			defaultConfigurationIsVisible = 0;
			defaultConfigurationName = Release;
		};
		072892AE1B4DB7530060960A /* Build configuration list for PBXNativeTarget "GasShareTests" */ = {
			isa = XCConfigurationList;
			buildConfigurations = (
				072892AF1B4DB7530060960A /* Debug */,
				072892B01B4DB7530060960A /* Release */,
			);
			defaultConfigurationIsVisible = 0;
			defaultConfigurationName = Release;
		};
/* End XCConfigurationList section */
	};
	rootObject = 072892841B4DB7530060960A /* Project object */;
}
